// !$*UTF8*$!
{
	archiveVersion = 1;
	classes = {
	};
	objectVersion = 55;
	objects = {

/* Begin PBXBuildFile section */
		6C168EB529E78DF1007ACB89 /* ExternalBrowserPlugin.m in Sources */ = {isa = PBXBuildFile; fileRef = 6C168EB429E78DF1007ACB89 /* ExternalBrowserPlugin.m */; };
		6C168EB829E793DD007ACB89 /* GPSPlugin.m in Sources */ = {isa = PBXBuildFile; fileRef = 6C168EB729E793DD007ACB89 /* GPSPlugin.m */; };
		6C168EBB29E797E3007ACB89 /* FileBrowserPlugin.m in Sources */ = {isa = PBXBuildFile; fileRef = 6C168EBA29E797E3007ACB89 /* FileBrowserPlugin.m */; };
		6C168EBE29E79B79007ACB89 /* ImageBrowserPlugin.m in Sources */ = {isa = PBXBuildFile; fileRef = 6C168EBD29E79B79007ACB89 /* ImageBrowserPlugin.m */; };
		6C168EC329E7A882007ACB89 /* PhoneScreen.m in Sources */ = {isa = PBXBuildFile; fileRef = 6C168EC229E7A882007ACB89 /* PhoneScreen.m */; };
		6C168EC629E7A89D007ACB89 /* PhonePlugin.m in Sources */ = {isa = PBXBuildFile; fileRef = 6C168EC529E7A89D007ACB89 /* PhonePlugin.m */; };
		6C168ECA29E7AEF8007ACB89 /* ContactScreen.m in Sources */ = {isa = PBXBuildFile; fileRef = 6C168EC929E7AEF8007ACB89 /* ContactScreen.m */; };
		6C168ECE29E7BC4F007ACB89 /* QRScannerScreen.m in Sources */ = {isa = PBXBuildFile; fileRef = 6C168ECD29E7BC4F007ACB89 /* QRScannerScreen.m */; };
		6C215C3B29D29E8300FBEB35 /* ApplicationScreen.m in Sources */ = {isa = PBXBuildFile; fileRef = 6C215C3A29D29E8300FBEB35 /* ApplicationScreen.m */; };
		6C215C3E29D2CDA000FBEB35 /* ApplicationPlugin.m in Sources */ = {isa = PBXBuildFile; fileRef = 6C215C3D29D2CDA000FBEB35 /* ApplicationPlugin.m */; };
		6C379C9C29E6420A00956445 /* PluginDelegate.m in Sources */ = {isa = PBXBuildFile; fileRef = 6C379C9B29E6420A00956445 /* PluginDelegate.m */; };
		6C379CA029E6447100956445 /* Util.m in Sources */ = {isa = PBXBuildFile; fileRef = 6C379C9F29E6447100956445 /* Util.m */; };
		6C379CA429E65D7D00956445 /* DialogScreen.m in Sources */ = {isa = PBXBuildFile; fileRef = 6C379CA329E65D7D00956445 /* DialogScreen.m */; };
		6C379CA829E669F200956445 /* SampleScreen.m in Sources */ = {isa = PBXBuildFile; fileRef = 6C379CA729E669F200956445 /* SampleScreen.m */; };
		6C379CAB29E66A6700956445 /* SamplePlugin.m in Sources */ = {isa = PBXBuildFile; fileRef = 6C379CAA29E66A6700956445 /* SamplePlugin.m */; };
		6C379CAE29E66BF800956445 /* ToastPlugin.m in Sources */ = {isa = PBXBuildFile; fileRef = 6C379CAD29E66BF800956445 /* ToastPlugin.m */; };
		6C379CB129E66D0300956445 /* SharePlugin.m in Sources */ = {isa = PBXBuildFile; fileRef = 6C379CB029E66D0300956445 /* SharePlugin.m */; };
		6C379CB529E66D7700956445 /* ShareScreen.m in Sources */ = {isa = PBXBuildFile; fileRef = 6C379CB429E66D7700956445 /* ShareScreen.m */; };
		6C379CB829E685AB00956445 /* DownloadPlugin.m in Sources */ = {isa = PBXBuildFile; fileRef = 6C379CB729E685AB00956445 /* DownloadPlugin.m */; };
		6C379CBB29E6AF6C00956445 /* ContactPlugin.m in Sources */ = {isa = PBXBuildFile; fileRef = 6C379CBA29E6AF6C00956445 /* ContactPlugin.m */; };
		6CB7E31D29CADEC1009998B1 /* AppDelegate.m in Sources */ = {isa = PBXBuildFile; fileRef = 6CB7E31C29CADEC1009998B1 /* AppDelegate.m */; };
		6CB7E32029CADEC1009998B1 /* SceneDelegate.m in Sources */ = {isa = PBXBuildFile; fileRef = 6CB7E31F29CADEC1009998B1 /* SceneDelegate.m */; };
		6CB7E32329CADEC1009998B1 /* ViewController.m in Sources */ = {isa = PBXBuildFile; fileRef = 6CB7E32229CADEC1009998B1 /* ViewController.m */; };
		6CB7E32829CADEC3009998B1 /* Assets.xcassets in Resources */ = {isa = PBXBuildFile; fileRef = 6CB7E32729CADEC3009998B1 /* Assets.xcassets */; };
		6CB7E32B29CADEC3009998B1 /* LaunchScreen.storyboard in Resources */ = {isa = PBXBuildFile; fileRef = 6CB7E32929CADEC3009998B1 /* LaunchScreen.storyboard */; };
		6CB7E32E29CADEC3009998B1 /* main.m in Sources */ = {isa = PBXBuildFile; fileRef = 6CB7E32D29CADEC3009998B1 /* main.m */; };
		6CB7E33829CADEC3009998B1 /* sampleTests.m in Sources */ = {isa = PBXBuildFile; fileRef = 6CB7E33729CADEC3009998B1 /* sampleTests.m */; };
		6CB7E34229CADEC3009998B1 /* sampleUITests.m in Sources */ = {isa = PBXBuildFile; fileRef = 6CB7E34129CADEC3009998B1 /* sampleUITests.m */; };
		6CB7E34429CADEC3009998B1 /* sampleUITestsLaunchTests.m in Sources */ = {isa = PBXBuildFile; fileRef = 6CB7E34329CADEC3009998B1 /* sampleUITestsLaunchTests.m */; };
		6CB7E35729CAEE57009998B1 /* DialogPlugin.m in Sources */ = {isa = PBXBuildFile; fileRef = 6CB7E35629CAEE57009998B1 /* DialogPlugin.m */; };
		6CB7E35929CAF360009998B1 /* Plugin.m in Sources */ = {isa = PBXBuildFile; fileRef = 6CB7E35829CAF360009998B1 /* Plugin.m */; };
		6CB7E35D29CAF4FB009998B1 /* PluginModel.m in Sources */ = {isa = PBXBuildFile; fileRef = 6CB7E35C29CAF4FA009998B1 /* PluginModel.m */; };
		6CB7E36029CB0218009998B1 /* CameraPlugin.m in Sources */ = {isa = PBXBuildFile; fileRef = 6CB7E35F29CB0218009998B1 /* CameraPlugin.m */; };
		6CB7E36229CB0663009998B1 /* BiometricPlugin.m in Sources */ = {isa = PBXBuildFile; fileRef = 6CB7E36129CB0663009998B1 /* BiometricPlugin.m */; };
/* End PBXBuildFile section */

/* Begin PBXContainerItemProxy section */
		6CB7E33429CADEC3009998B1 /* PBXContainerItemProxy */ = {
			isa = PBXContainerItemProxy;
			containerPortal = 6CB7E31029CADEC1009998B1 /* Project object */;
			proxyType = 1;
			remoteGlobalIDString = 6CB7E31729CADEC1009998B1;
			remoteInfo = sample;
		};
		6CB7E33E29CADEC3009998B1 /* PBXContainerItemProxy */ = {
			isa = PBXContainerItemProxy;
			containerPortal = 6CB7E31029CADEC1009998B1 /* Project object */;
			proxyType = 1;
			remoteGlobalIDString = 6CB7E31729CADEC1009998B1;
			remoteInfo = sample;
		};
/* End PBXContainerItemProxy section */

/* Begin PBXFileReference section */
		6C168EB329E78DF1007ACB89 /* ExternalBrowserPlugin.h */ = {isa = PBXFileReference; lastKnownFileType = sourcecode.c.h; path = ExternalBrowserPlugin.h; sourceTree = "<group>"; };
		6C168EB429E78DF1007ACB89 /* ExternalBrowserPlugin.m */ = {isa = PBXFileReference; lastKnownFileType = sourcecode.c.objc; path = ExternalBrowserPlugin.m; sourceTree = "<group>"; };
		6C168EB629E793DC007ACB89 /* GPSPlugin.h */ = {isa = PBXFileReference; lastKnownFileType = sourcecode.c.h; path = GPSPlugin.h; sourceTree = "<group>"; };
		6C168EB729E793DD007ACB89 /* GPSPlugin.m */ = {isa = PBXFileReference; lastKnownFileType = sourcecode.c.objc; path = GPSPlugin.m; sourceTree = "<group>"; };
		6C168EB929E797E3007ACB89 /* FileBrowserPlugin.h */ = {isa = PBXFileReference; lastKnownFileType = sourcecode.c.h; path = FileBrowserPlugin.h; sourceTree = "<group>"; };
		6C168EBA29E797E3007ACB89 /* FileBrowserPlugin.m */ = {isa = PBXFileReference; lastKnownFileType = sourcecode.c.objc; path = FileBrowserPlugin.m; sourceTree = "<group>"; };
		6C168EBC29E79B79007ACB89 /* ImageBrowserPlugin.h */ = {isa = PBXFileReference; lastKnownFileType = sourcecode.c.h; path = ImageBrowserPlugin.h; sourceTree = "<group>"; };
		6C168EBD29E79B79007ACB89 /* ImageBrowserPlugin.m */ = {isa = PBXFileReference; lastKnownFileType = sourcecode.c.objc; path = ImageBrowserPlugin.m; sourceTree = "<group>"; };
		6C168EC129E7A882007ACB89 /* PhoneScreen.h */ = {isa = PBXFileReference; lastKnownFileType = sourcecode.c.h; path = PhoneScreen.h; sourceTree = "<group>"; };
		6C168EC229E7A882007ACB89 /* PhoneScreen.m */ = {isa = PBXFileReference; lastKnownFileType = sourcecode.c.objc; path = PhoneScreen.m; sourceTree = "<group>"; };
		6C168EC429E7A89D007ACB89 /* PhonePlugin.h */ = {isa = PBXFileReference; lastKnownFileType = sourcecode.c.h; path = PhonePlugin.h; sourceTree = "<group>"; };
		6C168EC529E7A89D007ACB89 /* PhonePlugin.m */ = {isa = PBXFileReference; lastKnownFileType = sourcecode.c.objc; path = PhonePlugin.m; sourceTree = "<group>"; };
		6C168EC829E7AEF8007ACB89 /* ContactScreen.h */ = {isa = PBXFileReference; lastKnownFileType = sourcecode.c.h; path = ContactScreen.h; sourceTree = "<group>"; };
		6C168EC929E7AEF8007ACB89 /* ContactScreen.m */ = {isa = PBXFileReference; lastKnownFileType = sourcecode.c.objc; path = ContactScreen.m; sourceTree = "<group>"; };
		6C168ECC29E7BC4F007ACB89 /* QRScannerScreen.h */ = {isa = PBXFileReference; lastKnownFileType = sourcecode.c.h; path = QRScannerScreen.h; sourceTree = "<group>"; };
		6C168ECD29E7BC4F007ACB89 /* QRScannerScreen.m */ = {isa = PBXFileReference; lastKnownFileType = sourcecode.c.objc; path = QRScannerScreen.m; sourceTree = "<group>"; };
		6C215C3929D29E0B00FBEB35 /* ApplicationScreen.h */ = {isa = PBXFileReference; lastKnownFileType = sourcecode.c.h; path = ApplicationScreen.h; sourceTree = "<group>"; };
		6C215C3A29D29E8300FBEB35 /* ApplicationScreen.m */ = {isa = PBXFileReference; lastKnownFileType = sourcecode.c.objc; path = ApplicationScreen.m; sourceTree = "<group>"; };
		6C215C3C29D2CD4500FBEB35 /* ApplicationPlugin.h */ = {isa = PBXFileReference; lastKnownFileType = sourcecode.c.h; path = ApplicationPlugin.h; sourceTree = "<group>"; };
		6C215C3D29D2CDA000FBEB35 /* ApplicationPlugin.m */ = {isa = PBXFileReference; lastKnownFileType = sourcecode.c.objc; path = ApplicationPlugin.m; sourceTree = "<group>"; };
		6C379C9A29E6420A00956445 /* PluginDelegate.h */ = {isa = PBXFileReference; lastKnownFileType = sourcecode.c.h; path = PluginDelegate.h; sourceTree = "<group>"; };
		6C379C9B29E6420A00956445 /* PluginDelegate.m */ = {isa = PBXFileReference; lastKnownFileType = sourcecode.c.objc; path = PluginDelegate.m; sourceTree = "<group>"; };
		6C379C9E29E6447100956445 /* Util.h */ = {isa = PBXFileReference; lastKnownFileType = sourcecode.c.h; path = Util.h; sourceTree = "<group>"; };
		6C379C9F29E6447100956445 /* Util.m */ = {isa = PBXFileReference; lastKnownFileType = sourcecode.c.objc; path = Util.m; sourceTree = "<group>"; };
		6C379CA229E65D7D00956445 /* DialogScreen.h */ = {isa = PBXFileReference; lastKnownFileType = sourcecode.c.h; path = DialogScreen.h; sourceTree = "<group>"; };
		6C379CA329E65D7D00956445 /* DialogScreen.m */ = {isa = PBXFileReference; lastKnownFileType = sourcecode.c.objc; path = DialogScreen.m; sourceTree = "<group>"; };
		6C379CA629E669F200956445 /* SampleScreen.h */ = {isa = PBXFileReference; lastKnownFileType = sourcecode.c.h; path = SampleScreen.h; sourceTree = "<group>"; };
		6C379CA729E669F200956445 /* SampleScreen.m */ = {isa = PBXFileReference; lastKnownFileType = sourcecode.c.objc; path = SampleScreen.m; sourceTree = "<group>"; };
		6C379CA929E66A6700956445 /* SamplePlugin.h */ = {isa = PBXFileReference; lastKnownFileType = sourcecode.c.h; path = SamplePlugin.h; sourceTree = "<group>"; };
		6C379CAA29E66A6700956445 /* SamplePlugin.m */ = {isa = PBXFileReference; lastKnownFileType = sourcecode.c.objc; path = SamplePlugin.m; sourceTree = "<group>"; };
		6C379CAC29E66BF800956445 /* ToastPlugin.h */ = {isa = PBXFileReference; lastKnownFileType = sourcecode.c.h; path = ToastPlugin.h; sourceTree = "<group>"; };
		6C379CAD29E66BF800956445 /* ToastPlugin.m */ = {isa = PBXFileReference; lastKnownFileType = sourcecode.c.objc; path = ToastPlugin.m; sourceTree = "<group>"; };
		6C379CAF29E66D0300956445 /* SharePlugin.h */ = {isa = PBXFileReference; lastKnownFileType = sourcecode.c.h; path = SharePlugin.h; sourceTree = "<group>"; };
		6C379CB029E66D0300956445 /* SharePlugin.m */ = {isa = PBXFileReference; lastKnownFileType = sourcecode.c.objc; path = SharePlugin.m; sourceTree = "<group>"; };
		6C379CB329E66D7700956445 /* ShareScreen.h */ = {isa = PBXFileReference; lastKnownFileType = sourcecode.c.h; path = ShareScreen.h; sourceTree = "<group>"; };
		6C379CB429E66D7700956445 /* ShareScreen.m */ = {isa = PBXFileReference; lastKnownFileType = sourcecode.c.objc; path = ShareScreen.m; sourceTree = "<group>"; };
		6C379CB629E685AB00956445 /* DownloadPlugin.h */ = {isa = PBXFileReference; lastKnownFileType = sourcecode.c.h; path = DownloadPlugin.h; sourceTree = "<group>"; };
		6C379CB729E685AB00956445 /* DownloadPlugin.m */ = {isa = PBXFileReference; lastKnownFileType = sourcecode.c.objc; path = DownloadPlugin.m; sourceTree = "<group>"; };
		6C379CB929E6AF6C00956445 /* ContactPlugin.h */ = {isa = PBXFileReference; lastKnownFileType = sourcecode.c.h; path = ContactPlugin.h; sourceTree = "<group>"; };
		6C379CBA29E6AF6C00956445 /* ContactPlugin.m */ = {isa = PBXFileReference; lastKnownFileType = sourcecode.c.objc; path = ContactPlugin.m; sourceTree = "<group>"; };
		6CB7E31829CADEC1009998B1 /* sample.app */ = {isa = PBXFileReference; explicitFileType = wrapper.application; includeInIndex = 0; path = sample.app; sourceTree = BUILT_PRODUCTS_DIR; };
		6CB7E31B29CADEC1009998B1 /* AppDelegate.h */ = {isa = PBXFileReference; lastKnownFileType = sourcecode.c.h; path = AppDelegate.h; sourceTree = "<group>"; };
		6CB7E31C29CADEC1009998B1 /* AppDelegate.m */ = {isa = PBXFileReference; lastKnownFileType = sourcecode.c.objc; path = AppDelegate.m; sourceTree = "<group>"; };
		6CB7E31E29CADEC1009998B1 /* SceneDelegate.h */ = {isa = PBXFileReference; lastKnownFileType = sourcecode.c.h; path = SceneDelegate.h; sourceTree = "<group>"; };
		6CB7E31F29CADEC1009998B1 /* SceneDelegate.m */ = {isa = PBXFileReference; lastKnownFileType = sourcecode.c.objc; path = SceneDelegate.m; sourceTree = "<group>"; };
		6CB7E32129CADEC1009998B1 /* ViewController.h */ = {isa = PBXFileReference; lastKnownFileType = sourcecode.c.h; path = ViewController.h; sourceTree = "<group>"; };
		6CB7E32229CADEC1009998B1 /* ViewController.m */ = {isa = PBXFileReference; lastKnownFileType = sourcecode.c.objc; path = ViewController.m; sourceTree = "<group>"; };
		6CB7E32729CADEC3009998B1 /* Assets.xcassets */ = {isa = PBXFileReference; lastKnownFileType = folder.assetcatalog; path = Assets.xcassets; sourceTree = "<group>"; };
		6CB7E32A29CADEC3009998B1 /* Base */ = {isa = PBXFileReference; lastKnownFileType = file.storyboard; name = Base; path = Base.lproj/LaunchScreen.storyboard; sourceTree = "<group>"; };
		6CB7E32C29CADEC3009998B1 /* Info.plist */ = {isa = PBXFileReference; lastKnownFileType = text.plist.xml; path = Info.plist; sourceTree = "<group>"; };
		6CB7E32D29CADEC3009998B1 /* main.m */ = {isa = PBXFileReference; lastKnownFileType = sourcecode.c.objc; path = main.m; sourceTree = "<group>"; };
		6CB7E33329CADEC3009998B1 /* sampleTests.xctest */ = {isa = PBXFileReference; explicitFileType = wrapper.cfbundle; includeInIndex = 0; path = sampleTests.xctest; sourceTree = BUILT_PRODUCTS_DIR; };
		6CB7E33729CADEC3009998B1 /* sampleTests.m */ = {isa = PBXFileReference; lastKnownFileType = sourcecode.c.objc; path = sampleTests.m; sourceTree = "<group>"; };
		6CB7E33D29CADEC3009998B1 /* sampleUITests.xctest */ = {isa = PBXFileReference; explicitFileType = wrapper.cfbundle; includeInIndex = 0; path = sampleUITests.xctest; sourceTree = BUILT_PRODUCTS_DIR; };
		6CB7E34129CADEC3009998B1 /* sampleUITests.m */ = {isa = PBXFileReference; lastKnownFileType = sourcecode.c.objc; path = sampleUITests.m; sourceTree = "<group>"; };
		6CB7E34329CADEC3009998B1 /* sampleUITestsLaunchTests.m */ = {isa = PBXFileReference; lastKnownFileType = sourcecode.c.objc; path = sampleUITestsLaunchTests.m; sourceTree = "<group>"; };
		6CB7E35229CAECA6009998B1 /* Plugin.h */ = {isa = PBXFileReference; lastKnownFileType = sourcecode.c.h; path = Plugin.h; sourceTree = "<group>"; };
		6CB7E35529CAEE1D009998B1 /* DialogPlugin.h */ = {isa = PBXFileReference; lastKnownFileType = sourcecode.c.h; path = DialogPlugin.h; sourceTree = "<group>"; };
		6CB7E35629CAEE57009998B1 /* DialogPlugin.m */ = {isa = PBXFileReference; lastKnownFileType = sourcecode.c.objc; path = DialogPlugin.m; sourceTree = "<group>"; };
		6CB7E35829CAF360009998B1 /* Plugin.m */ = {isa = PBXFileReference; lastKnownFileType = sourcecode.c.objc; path = Plugin.m; sourceTree = "<group>"; };
		6CB7E35B29CAF4EB009998B1 /* PluginModel.h */ = {isa = PBXFileReference; lastKnownFileType = sourcecode.c.h; path = PluginModel.h; sourceTree = "<group>"; };
		6CB7E35C29CAF4FA009998B1 /* PluginModel.m */ = {isa = PBXFileReference; lastKnownFileType = sourcecode.c.objc; path = PluginModel.m; sourceTree = "<group>"; };
		6CB7E35E29CB020A009998B1 /* CameraPlugin.h */ = {isa = PBXFileReference; lastKnownFileType = sourcecode.c.h; path = CameraPlugin.h; sourceTree = "<group>"; };
		6CB7E35F29CB0218009998B1 /* CameraPlugin.m */ = {isa = PBXFileReference; lastKnownFileType = sourcecode.c.objc; path = CameraPlugin.m; sourceTree = "<group>"; };
		6CB7E36129CB0663009998B1 /* BiometricPlugin.m */ = {isa = PBXFileReference; lastKnownFileType = sourcecode.c.objc; path = BiometricPlugin.m; sourceTree = "<group>"; };
		6CB7E36329CB0671009998B1 /* BiometricPlugin.h */ = {isa = PBXFileReference; lastKnownFileType = sourcecode.c.h; path = BiometricPlugin.h; sourceTree = "<group>"; };
/* End PBXFileReference section */

/* Begin PBXFrameworksBuildPhase section */
		6CB7E31529CADEC1009998B1 /* Frameworks */ = {
			isa = PBXFrameworksBuildPhase;
			buildActionMask = 2147483647;
			files = (
			);
			runOnlyForDeploymentPostprocessing = 0;
		};
		6CB7E33029CADEC3009998B1 /* Frameworks */ = {
			isa = PBXFrameworksBuildPhase;
			buildActionMask = 2147483647;
			files = (
			);
			runOnlyForDeploymentPostprocessing = 0;
		};
		6CB7E33A29CADEC3009998B1 /* Frameworks */ = {
			isa = PBXFrameworksBuildPhase;
			buildActionMask = 2147483647;
			files = (
			);
			runOnlyForDeploymentPostprocessing = 0;
		};
/* End PBXFrameworksBuildPhase section */

/* Begin PBXGroup section */
		6C168EBF29E7A488007ACB89 /* image */ = {
			isa = PBXGroup;
			children = (
			);
			path = image;
			sourceTree = "<group>";
		};
		6C168EC029E7A86A007ACB89 /* phone */ = {
			isa = PBXGroup;
			children = (
				6C168EC129E7A882007ACB89 /* PhoneScreen.h */,
				6C168EC229E7A882007ACB89 /* PhoneScreen.m */,
			);
			path = phone;
			sourceTree = "<group>";
		};
		6C168EC729E7AEE4007ACB89 /* contact */ = {
			isa = PBXGroup;
			children = (
				6C168EC829E7AEF8007ACB89 /* ContactScreen.h */,
				6C168EC929E7AEF8007ACB89 /* ContactScreen.m */,
			);
			path = contact;
			sourceTree = "<group>";
		};
		6C168ECB29E7BC2B007ACB89 /* qrscanner */ = {
			isa = PBXGroup;
			children = (
				6C168ECC29E7BC4F007ACB89 /* QRScannerScreen.h */,
				6C168ECD29E7BC4F007ACB89 /* QRScannerScreen.m */,
			);
			path = qrscanner;
			sourceTree = "<group>";
		};
		6C215C3829D29DD400FBEB35 /* application */ = {
			isa = PBXGroup;
			children = (
				6C215C3929D29E0B00FBEB35 /* ApplicationScreen.h */,
				6C215C3A29D29E8300FBEB35 /* ApplicationScreen.m */,
			);
			path = application;
			sourceTree = "<group>";
		};
		6C215C3F29D2CE6B00FBEB35 /* screens */ = {
			isa = PBXGroup;
			children = (
				6C168ECB29E7BC2B007ACB89 /* qrscanner */,
				6C168EC729E7AEE4007ACB89 /* contact */,
				6C168EC029E7A86A007ACB89 /* phone */,
				6C168EBF29E7A488007ACB89 /* image */,
				6C379CB229E66D6100956445 /* share */,
				6C379CA529E669D600956445 /* sample */,
				6C379CA129E65D6300956445 /* dialog */,
				6C215C3829D29DD400FBEB35 /* application */,
			);
			path = screens;
			sourceTree = "<group>";
		};
		6C379C9D29E6445F00956445 /* utils */ = {
			isa = PBXGroup;
			children = (
				6C379C9E29E6447100956445 /* Util.h */,
				6C379C9F29E6447100956445 /* Util.m */,
			);
			path = utils;
			sourceTree = "<group>";
		};
		6C379CA129E65D6300956445 /* dialog */ = {
			isa = PBXGroup;
			children = (
				6C379CA229E65D7D00956445 /* DialogScreen.h */,
				6C379CA329E65D7D00956445 /* DialogScreen.m */,
			);
			path = dialog;
			sourceTree = "<group>";
		};
		6C379CA529E669D600956445 /* sample */ = {
			isa = PBXGroup;
			children = (
				6C379CA629E669F200956445 /* SampleScreen.h */,
				6C379CA729E669F200956445 /* SampleScreen.m */,
			);
			path = sample;
			sourceTree = "<group>";
		};
		6C379CB229E66D6100956445 /* share */ = {
			isa = PBXGroup;
			children = (
				6C379CB329E66D7700956445 /* ShareScreen.h */,
				6C379CB429E66D7700956445 /* ShareScreen.m */,
			);
			path = share;
			sourceTree = "<group>";
		};
		6CB7E30F29CADEC1009998B1 = {
			isa = PBXGroup;
			children = (
				6CB7E31A29CADEC1009998B1 /* sample */,
				6CB7E33629CADEC3009998B1 /* sampleTests */,
				6CB7E34029CADEC3009998B1 /* sampleUITests */,
				6CB7E31929CADEC1009998B1 /* Products */,
			);
			sourceTree = "<group>";
		};
		6CB7E31929CADEC1009998B1 /* Products */ = {
			isa = PBXGroup;
			children = (
				6CB7E31829CADEC1009998B1 /* sample.app */,
				6CB7E33329CADEC3009998B1 /* sampleTests.xctest */,
				6CB7E33D29CADEC3009998B1 /* sampleUITests.xctest */,
			);
			name = Products;
			sourceTree = "<group>";
		};
		6CB7E31A29CADEC1009998B1 /* sample */ = {
			isa = PBXGroup;
			children = (
				6C379C9D29E6445F00956445 /* utils */,
				6C215C3F29D2CE6B00FBEB35 /* screens */,
				6CB7E35129CAEC85009998B1 /* configs */,
				6CB7E35029CAEC7A009998B1 /* plugins */,
				6CB7E31B29CADEC1009998B1 /* AppDelegate.h */,
				6CB7E31C29CADEC1009998B1 /* AppDelegate.m */,
				6CB7E31E29CADEC1009998B1 /* SceneDelegate.h */,
				6CB7E31F29CADEC1009998B1 /* SceneDelegate.m */,
				6CB7E32129CADEC1009998B1 /* ViewController.h */,
				6CB7E32229CADEC1009998B1 /* ViewController.m */,
				6CB7E32729CADEC3009998B1 /* Assets.xcassets */,
				6CB7E32929CADEC3009998B1 /* LaunchScreen.storyboard */,
				6CB7E32C29CADEC3009998B1 /* Info.plist */,
				6CB7E32D29CADEC3009998B1 /* main.m */,
			);
			path = sample;
			sourceTree = "<group>";
		};
		6CB7E33629CADEC3009998B1 /* sampleTests */ = {
			isa = PBXGroup;
			children = (
				6CB7E33729CADEC3009998B1 /* sampleTests.m */,
			);
			path = sampleTests;
			sourceTree = "<group>";
		};
		6CB7E34029CADEC3009998B1 /* sampleUITests */ = {
			isa = PBXGroup;
			children = (
				6CB7E34129CADEC3009998B1 /* sampleUITests.m */,
				6CB7E34329CADEC3009998B1 /* sampleUITestsLaunchTests.m */,
			);
			path = sampleUITests;
			sourceTree = "<group>";
		};
		6CB7E35029CAEC7A009998B1 /* plugins */ = {
			isa = PBXGroup;
			children = (
				6C215C3C29D2CD4500FBEB35 /* ApplicationPlugin.h */,
				6C215C3D29D2CDA000FBEB35 /* ApplicationPlugin.m */,
				6CB7E36329CB0671009998B1 /* BiometricPlugin.h */,
				6CB7E36129CB0663009998B1 /* BiometricPlugin.m */,
				6CB7E35E29CB020A009998B1 /* CameraPlugin.h */,
				6CB7E35F29CB0218009998B1 /* CameraPlugin.m */,
				6CB7E35529CAEE1D009998B1 /* DialogPlugin.h */,
				6CB7E35629CAEE57009998B1 /* DialogPlugin.m */,
				6C379CA929E66A6700956445 /* SamplePlugin.h */,
				6C379CAA29E66A6700956445 /* SamplePlugin.m */,
				6C379CAC29E66BF800956445 /* ToastPlugin.h */,
				6C379CAD29E66BF800956445 /* ToastPlugin.m */,
				6C379CAF29E66D0300956445 /* SharePlugin.h */,
				6C379CB029E66D0300956445 /* SharePlugin.m */,
				6C379CB629E685AB00956445 /* DownloadPlugin.h */,
				6C379CB729E685AB00956445 /* DownloadPlugin.m */,
				6C379CB929E6AF6C00956445 /* ContactPlugin.h */,
				6C379CBA29E6AF6C00956445 /* ContactPlugin.m */,
				6C168EB329E78DF1007ACB89 /* ExternalBrowserPlugin.h */,
				6C168EB429E78DF1007ACB89 /* ExternalBrowserPlugin.m */,
				6C168EB629E793DC007ACB89 /* GPSPlugin.h */,
				6C168EB729E793DD007ACB89 /* GPSPlugin.m */,
				6C168EB929E797E3007ACB89 /* FileBrowserPlugin.h */,
				6C168EBA29E797E3007ACB89 /* FileBrowserPlugin.m */,
				6C168EBC29E79B79007ACB89 /* ImageBrowserPlugin.h */,
				6C168EBD29E79B79007ACB89 /* ImageBrowserPlugin.m */,
				6C168EC429E7A89D007ACB89 /* PhonePlugin.h */,
				6C168EC529E7A89D007ACB89 /* PhonePlugin.m */,
			);
			path = plugins;
			sourceTree = "<group>";
		};
		6CB7E35129CAEC85009998B1 /* configs */ = {
			isa = PBXGroup;
			children = (
				6CB7E35229CAECA6009998B1 /* Plugin.h */,
				6CB7E35829CAF360009998B1 /* Plugin.m */,
				6CB7E35B29CAF4EB009998B1 /* PluginModel.h */,
				6CB7E35C29CAF4FA009998B1 /* PluginModel.m */,
				6C379C9A29E6420A00956445 /* PluginDelegate.h */,
				6C379C9B29E6420A00956445 /* PluginDelegate.m */,
			);
			path = configs;
			sourceTree = "<group>";
		};
/* End PBXGroup section */

/* Begin PBXNativeTarget section */
		6CB7E31729CADEC1009998B1 /* sample */ = {
			isa = PBXNativeTarget;
			buildConfigurationList = 6CB7E34729CADEC3009998B1 /* Build configuration list for PBXNativeTarget "sample" */;
			buildPhases = (
				6CB7E31429CADEC1009998B1 /* Sources */,
				6CB7E31529CADEC1009998B1 /* Frameworks */,
				6CB7E31629CADEC1009998B1 /* Resources */,
			);
			buildRules = (
			);
			dependencies = (
			);
			name = sample;
			productName = sample;
			productReference = 6CB7E31829CADEC1009998B1 /* sample.app */;
			productType = "com.apple.product-type.application";
		};
		6CB7E33229CADEC3009998B1 /* sampleTests */ = {
			isa = PBXNativeTarget;
			buildConfigurationList = 6CB7E34A29CADEC3009998B1 /* Build configuration list for PBXNativeTarget "sampleTests" */;
			buildPhases = (
				6CB7E32F29CADEC3009998B1 /* Sources */,
				6CB7E33029CADEC3009998B1 /* Frameworks */,
				6CB7E33129CADEC3009998B1 /* Resources */,
			);
			buildRules = (
			);
			dependencies = (
				6CB7E33529CADEC3009998B1 /* PBXTargetDependency */,
			);
			name = sampleTests;
			productName = sampleTests;
			productReference = 6CB7E33329CADEC3009998B1 /* sampleTests.xctest */;
			productType = "com.apple.product-type.bundle.unit-test";
		};
		6CB7E33C29CADEC3009998B1 /* sampleUITests */ = {
			isa = PBXNativeTarget;
			buildConfigurationList = 6CB7E34D29CADEC3009998B1 /* Build configuration list for PBXNativeTarget "sampleUITests" */;
			buildPhases = (
				6CB7E33929CADEC3009998B1 /* Sources */,
				6CB7E33A29CADEC3009998B1 /* Frameworks */,
				6CB7E33B29CADEC3009998B1 /* Resources */,
			);
			buildRules = (
			);
			dependencies = (
				6CB7E33F29CADEC3009998B1 /* PBXTargetDependency */,
			);
			name = sampleUITests;
			productName = sampleUITests;
			productReference = 6CB7E33D29CADEC3009998B1 /* sampleUITests.xctest */;
			productType = "com.apple.product-type.bundle.ui-testing";
		};
/* End PBXNativeTarget section */

/* Begin PBXProject section */
		6CB7E31029CADEC1009998B1 /* Project object */ = {
			isa = PBXProject;
			attributes = {
				BuildIndependentTargetsInParallel = 1;
				LastUpgradeCheck = 1340;
				TargetAttributes = {
					6CB7E31729CADEC1009998B1 = {
						CreatedOnToolsVersion = 13.4.1;
					};
					6CB7E33229CADEC3009998B1 = {
						CreatedOnToolsVersion = 13.4.1;
						TestTargetID = 6CB7E31729CADEC1009998B1;
					};
					6CB7E33C29CADEC3009998B1 = {
						CreatedOnToolsVersion = 13.4.1;
						TestTargetID = 6CB7E31729CADEC1009998B1;
					};
				};
			};
			buildConfigurationList = 6CB7E31329CADEC1009998B1 /* Build configuration list for PBXProject "sample" */;
			compatibilityVersion = "Xcode 13.0";
			developmentRegion = en;
			hasScannedForEncodings = 0;
			knownRegions = (
				en,
				Base,
			);
			mainGroup = 6CB7E30F29CADEC1009998B1;
			productRefGroup = 6CB7E31929CADEC1009998B1 /* Products */;
			projectDirPath = "";
			projectRoot = "";
			targets = (
				6CB7E31729CADEC1009998B1 /* sample */,
				6CB7E33229CADEC3009998B1 /* sampleTests */,
				6CB7E33C29CADEC3009998B1 /* sampleUITests */,
			);
		};
/* End PBXProject section */

/* Begin PBXResourcesBuildPhase section */
		6CB7E31629CADEC1009998B1 /* Resources */ = {
			isa = PBXResourcesBuildPhase;
			buildActionMask = 2147483647;
			files = (
				6CB7E32B29CADEC3009998B1 /* LaunchScreen.storyboard in Resources */,
				6CB7E32829CADEC3009998B1 /* Assets.xcassets in Resources */,
			);
			runOnlyForDeploymentPostprocessing = 0;
		};
		6CB7E33129CADEC3009998B1 /* Resources */ = {
			isa = PBXResourcesBuildPhase;
			buildActionMask = 2147483647;
			files = (
			);
			runOnlyForDeploymentPostprocessing = 0;
		};
		6CB7E33B29CADEC3009998B1 /* Resources */ = {
			isa = PBXResourcesBuildPhase;
			buildActionMask = 2147483647;
			files = (
			);
			runOnlyForDeploymentPostprocessing = 0;
		};
/* End PBXResourcesBuildPhase section */

/* Begin PBXSourcesBuildPhase section */
		6CB7E31429CADEC1009998B1 /* Sources */ = {
			isa = PBXSourcesBuildPhase;
			buildActionMask = 2147483647;
			files = (
				6C379CA029E6447100956445 /* Util.m in Sources */,
				6C168EB829E793DD007ACB89 /* GPSPlugin.m in Sources */,
				6CB7E36229CB0663009998B1 /* BiometricPlugin.m in Sources */,
				6C168EB529E78DF1007ACB89 /* ExternalBrowserPlugin.m in Sources */,
				6CB7E35929CAF360009998B1 /* Plugin.m in Sources */,
				6C168EBE29E79B79007ACB89 /* ImageBrowserPlugin.m in Sources */,
				6C168EC629E7A89D007ACB89 /* PhonePlugin.m in Sources */,
				6C168EC329E7A882007ACB89 /* PhoneScreen.m in Sources */,
				6C379CB529E66D7700956445 /* ShareScreen.m in Sources */,
				6C379CA429E65D7D00956445 /* DialogScreen.m in Sources */,
				6C168ECA29E7AEF8007ACB89 /* ContactScreen.m in Sources */,
				6C215C3B29D29E8300FBEB35 /* ApplicationScreen.m in Sources */,
				6C168ECE29E7BC4F007ACB89 /* QRScannerScreen.m in Sources */,
				6CB7E36029CB0218009998B1 /* CameraPlugin.m in Sources */,
				6CB7E32329CADEC1009998B1 /* ViewController.m in Sources */,
				6CB7E35729CAEE57009998B1 /* DialogPlugin.m in Sources */,
				6C379CB129E66D0300956445 /* SharePlugin.m in Sources */,
				6C215C3E29D2CDA000FBEB35 /* ApplicationPlugin.m in Sources */,
				6C379CA829E669F200956445 /* SampleScreen.m in Sources */,
				6C379CAB29E66A6700956445 /* SamplePlugin.m in Sources */,
				6CB7E31D29CADEC1009998B1 /* AppDelegate.m in Sources */,
				6C379CB829E685AB00956445 /* DownloadPlugin.m in Sources */,
				6C168EBB29E797E3007ACB89 /* FileBrowserPlugin.m in Sources */,
				6C379CBB29E6AF6C00956445 /* ContactPlugin.m in Sources */,
				6C379CAE29E66BF800956445 /* ToastPlugin.m in Sources */,
				6CB7E32E29CADEC3009998B1 /* main.m in Sources */,
				6C379C9C29E6420A00956445 /* PluginDelegate.m in Sources */,
				6CB7E35D29CAF4FB009998B1 /* PluginModel.m in Sources */,
				6CB7E32029CADEC1009998B1 /* SceneDelegate.m in Sources */,
			);
			runOnlyForDeploymentPostprocessing = 0;
		};
		6CB7E32F29CADEC3009998B1 /* Sources */ = {
			isa = PBXSourcesBuildPhase;
			buildActionMask = 2147483647;
			files = (
				6CB7E33829CADEC3009998B1 /* sampleTests.m in Sources */,
			);
			runOnlyForDeploymentPostprocessing = 0;
		};
		6CB7E33929CADEC3009998B1 /* Sources */ = {
			isa = PBXSourcesBuildPhase;
			buildActionMask = 2147483647;
			files = (
				6CB7E34429CADEC3009998B1 /* sampleUITestsLaunchTests.m in Sources */,
				6CB7E34229CADEC3009998B1 /* sampleUITests.m in Sources */,
			);
			runOnlyForDeploymentPostprocessing = 0;
		};
/* End PBXSourcesBuildPhase section */

/* Begin PBXTargetDependency section */
		6CB7E33529CADEC3009998B1 /* PBXTargetDependency */ = {
			isa = PBXTargetDependency;
			target = 6CB7E31729CADEC1009998B1 /* sample */;
			targetProxy = 6CB7E33429CADEC3009998B1 /* PBXContainerItemProxy */;
		};
		6CB7E33F29CADEC3009998B1 /* PBXTargetDependency */ = {
			isa = PBXTargetDependency;
			target = 6CB7E31729CADEC1009998B1 /* sample */;
			targetProxy = 6CB7E33E29CADEC3009998B1 /* PBXContainerItemProxy */;
		};
/* End PBXTargetDependency section */

/* Begin PBXVariantGroup section */
		6CB7E32929CADEC3009998B1 /* LaunchScreen.storyboard */ = {
			isa = PBXVariantGroup;
			children = (
				6CB7E32A29CADEC3009998B1 /* Base */,
			);
			name = LaunchScreen.storyboard;
			sourceTree = "<group>";
		};
/* End PBXVariantGroup section */

/* Begin XCBuildConfiguration section */
		6CB7E34529CADEC3009998B1 /* Debug */ = {
			isa = XCBuildConfiguration;
			buildSettings = {
				ALWAYS_SEARCH_USER_PATHS = NO;
				CLANG_ANALYZER_NONNULL = YES;
				CLANG_ANALYZER_NUMBER_OBJECT_CONVERSION = YES_AGGRESSIVE;
				CLANG_CXX_LANGUAGE_STANDARD = "gnu++17";
				CLANG_ENABLE_MODULES = YES;
				CLANG_ENABLE_OBJC_ARC = YES;
				CLANG_ENABLE_OBJC_WEAK = YES;
				CLANG_WARN_BLOCK_CAPTURE_AUTORELEASING = YES;
				CLANG_WARN_BOOL_CONVERSION = YES;
				CLANG_WARN_COMMA = YES;
				CLANG_WARN_CONSTANT_CONVERSION = YES;
				CLANG_WARN_DEPRECATED_OBJC_IMPLEMENTATIONS = YES;
				CLANG_WARN_DIRECT_OBJC_ISA_USAGE = YES_ERROR;
				CLANG_WARN_DOCUMENTATION_COMMENTS = YES;
				CLANG_WARN_EMPTY_BODY = YES;
				CLANG_WARN_ENUM_CONVERSION = YES;
				CLANG_WARN_INFINITE_RECURSION = YES;
				CLANG_WARN_INT_CONVERSION = YES;
				CLANG_WARN_NON_LITERAL_NULL_CONVERSION = YES;
				CLANG_WARN_OBJC_IMPLICIT_RETAIN_SELF = YES;
				CLANG_WARN_OBJC_LITERAL_CONVERSION = YES;
				CLANG_WARN_OBJC_ROOT_CLASS = YES_ERROR;
				CLANG_WARN_QUOTED_INCLUDE_IN_FRAMEWORK_HEADER = YES;
				CLANG_WARN_RANGE_LOOP_ANALYSIS = YES;
				CLANG_WARN_STRICT_PROTOTYPES = YES;
				CLANG_WARN_SUSPICIOUS_MOVE = YES;
				CLANG_WARN_UNGUARDED_AVAILABILITY = YES_AGGRESSIVE;
				CLANG_WARN_UNREACHABLE_CODE = YES;
				CLANG_WARN__DUPLICATE_METHOD_MATCH = YES;
				COPY_PHASE_STRIP = NO;
				DEBUG_INFORMATION_FORMAT = dwarf;
				ENABLE_STRICT_OBJC_MSGSEND = YES;
				ENABLE_TESTABILITY = YES;
				GCC_C_LANGUAGE_STANDARD = gnu11;
				GCC_DYNAMIC_NO_PIC = NO;
				GCC_NO_COMMON_BLOCKS = YES;
				GCC_OPTIMIZATION_LEVEL = 0;
				GCC_PREPROCESSOR_DEFINITIONS = (
					"DEBUG=1",
					"$(inherited)",
				);
				GCC_WARN_64_TO_32_BIT_CONVERSION = YES;
				GCC_WARN_ABOUT_RETURN_TYPE = YES_ERROR;
				GCC_WARN_UNDECLARED_SELECTOR = YES;
				GCC_WARN_UNINITIALIZED_AUTOS = YES_AGGRESSIVE;
				GCC_WARN_UNUSED_FUNCTION = YES;
				GCC_WARN_UNUSED_VARIABLE = YES;
				IPHONEOS_DEPLOYMENT_TARGET = 15.5;
				MTL_ENABLE_DEBUG_INFO = INCLUDE_SOURCE;
				MTL_FAST_MATH = YES;
				ONLY_ACTIVE_ARCH = YES;
				SDKROOT = iphoneos;
			};
			name = Debug;
		};
		6CB7E34629CADEC3009998B1 /* Release */ = {
			isa = XCBuildConfiguration;
			buildSettings = {
				ALWAYS_SEARCH_USER_PATHS = NO;
				CLANG_ANALYZER_NONNULL = YES;
				CLANG_ANALYZER_NUMBER_OBJECT_CONVERSION = YES_AGGRESSIVE;
				CLANG_CXX_LANGUAGE_STANDARD = "gnu++17";
				CLANG_ENABLE_MODULES = YES;
				CLANG_ENABLE_OBJC_ARC = YES;
				CLANG_ENABLE_OBJC_WEAK = YES;
				CLANG_WARN_BLOCK_CAPTURE_AUTORELEASING = YES;
				CLANG_WARN_BOOL_CONVERSION = YES;
				CLANG_WARN_COMMA = YES;
				CLANG_WARN_CONSTANT_CONVERSION = YES;
				CLANG_WARN_DEPRECATED_OBJC_IMPLEMENTATIONS = YES;
				CLANG_WARN_DIRECT_OBJC_ISA_USAGE = YES_ERROR;
				CLANG_WARN_DOCUMENTATION_COMMENTS = YES;
				CLANG_WARN_EMPTY_BODY = YES;
				CLANG_WARN_ENUM_CONVERSION = YES;
				CLANG_WARN_INFINITE_RECURSION = YES;
				CLANG_WARN_INT_CONVERSION = YES;
				CLANG_WARN_NON_LITERAL_NULL_CONVERSION = YES;
				CLANG_WARN_OBJC_IMPLICIT_RETAIN_SELF = YES;
				CLANG_WARN_OBJC_LITERAL_CONVERSION = YES;
				CLANG_WARN_OBJC_ROOT_CLASS = YES_ERROR;
				CLANG_WARN_QUOTED_INCLUDE_IN_FRAMEWORK_HEADER = YES;
				CLANG_WARN_RANGE_LOOP_ANALYSIS = YES;
				CLANG_WARN_STRICT_PROTOTYPES = YES;
				CLANG_WARN_SUSPICIOUS_MOVE = YES;
				CLANG_WARN_UNGUARDED_AVAILABILITY = YES_AGGRESSIVE;
				CLANG_WARN_UNREACHABLE_CODE = YES;
				CLANG_WARN__DUPLICATE_METHOD_MATCH = YES;
				COPY_PHASE_STRIP = NO;
				DEBUG_INFORMATION_FORMAT = "dwarf-with-dsym";
				ENABLE_NS_ASSERTIONS = NO;
				ENABLE_STRICT_OBJC_MSGSEND = YES;
				GCC_C_LANGUAGE_STANDARD = gnu11;
				GCC_NO_COMMON_BLOCKS = YES;
				GCC_WARN_64_TO_32_BIT_CONVERSION = YES;
				GCC_WARN_ABOUT_RETURN_TYPE = YES_ERROR;
				GCC_WARN_UNDECLARED_SELECTOR = YES;
				GCC_WARN_UNINITIALIZED_AUTOS = YES_AGGRESSIVE;
				GCC_WARN_UNUSED_FUNCTION = YES;
				GCC_WARN_UNUSED_VARIABLE = YES;
				IPHONEOS_DEPLOYMENT_TARGET = 15.5;
				MTL_ENABLE_DEBUG_INFO = NO;
				MTL_FAST_MATH = YES;
				SDKROOT = iphoneos;
				VALIDATE_PRODUCT = YES;
			};
			name = Release;
		};
		6CB7E34829CADEC3009998B1 /* Debug */ = {
			isa = XCBuildConfiguration;
			buildSettings = {
				ASSETCATALOG_COMPILER_APPICON_NAME = AppIcon;
				ASSETCATALOG_COMPILER_GLOBAL_ACCENT_COLOR_NAME = AccentColor;
				ASSETCATALOG_COMPILER_INCLUDE_ALL_APPICON_ASSETS = NO;
				CODE_SIGN_STYLE = Automatic;
				CURRENT_PROJECT_VERSION = 1;
				DEVELOPMENT_TEAM = 4K446R55W6;
				GENERATE_INFOPLIST_FILE = YES;
				INFOPLIST_FILE = sample/Info.plist;
				INFOPLIST_KEY_CFBundleDisplayName = "Objective-C";
				INFOPLIST_KEY_NSCameraUsageDescription = "Need camera access to take pictures";
				INFOPLIST_KEY_NSContactsUsageDescription = "Need contacts.";
				INFOPLIST_KEY_NSFaceIDUsageDescription = "Need Authentication with TouchId or FaceID";
				INFOPLIST_KEY_NSLocationWhenInUseUsageDescription = "Need location.";
				INFOPLIST_KEY_NSPhotoLibraryUsageDescription = "Need library access to upload images";
				INFOPLIST_KEY_UIApplicationSupportsIndirectInputEvents = YES;
				INFOPLIST_KEY_UILaunchStoryboardName = LaunchScreen;
				INFOPLIST_KEY_UISupportedInterfaceOrientations_iPad = "UIInterfaceOrientationPortrait UIInterfaceOrientationPortraitUpsideDown UIInterfaceOrientationLandscapeLeft UIInterfaceOrientationLandscapeRight";
				INFOPLIST_KEY_UISupportedInterfaceOrientations_iPhone = "UIInterfaceOrientationPortrait UIInterfaceOrientationLandscapeLeft UIInterfaceOrientationLandscapeRight";
				LD_RUNPATH_SEARCH_PATHS = (
					"$(inherited)",
					"@executable_path/Frameworks",
				);
				MARKETING_VERSION = 1.0.0;
				PRODUCT_BUNDLE_IDENTIFIER = phanna.app.sample;
				PRODUCT_NAME = "$(TARGET_NAME)";
				SWIFT_EMIT_LOC_STRINGS = YES;
				TARGETED_DEVICE_FAMILY = 1;
			};
			name = Debug;
		};
		6CB7E34929CADEC3009998B1 /* Release */ = {
			isa = XCBuildConfiguration;
			buildSettings = {
				ASSETCATALOG_COMPILER_APPICON_NAME = AppIcon;
				ASSETCATALOG_COMPILER_GLOBAL_ACCENT_COLOR_NAME = AccentColor;
				ASSETCATALOG_COMPILER_INCLUDE_ALL_APPICON_ASSETS = NO;
				CODE_SIGN_STYLE = Automatic;
				CURRENT_PROJECT_VERSION = 1;
				DEVELOPMENT_TEAM = 4K446R55W6;
				GENERATE_INFOPLIST_FILE = YES;
				INFOPLIST_FILE = sample/Info.plist;
				INFOPLIST_KEY_CFBundleDisplayName = "Objective-C";
				INFOPLIST_KEY_NSCameraUsageDescription = "Need camera access to take pictures";
				INFOPLIST_KEY_NSContactsUsageDescription = "Need contacts.";
				INFOPLIST_KEY_NSFaceIDUsageDescription = "Need Authentication with TouchId or FaceID";
				INFOPLIST_KEY_NSLocationWhenInUseUsageDescription = "Need location.";
				INFOPLIST_KEY_NSPhotoLibraryUsageDescription = "Need library access to upload images";
				INFOPLIST_KEY_UIApplicationSupportsIndirectInputEvents = YES;
				INFOPLIST_KEY_UILaunchStoryboardName = LaunchScreen;
				INFOPLIST_KEY_UISupportedInterfaceOrientations_iPad = "UIInterfaceOrientationPortrait UIInterfaceOrientationPortraitUpsideDown UIInterfaceOrientationLandscapeLeft UIInterfaceOrientationLandscapeRight";
				INFOPLIST_KEY_UISupportedInterfaceOrientations_iPhone = "UIInterfaceOrientationPortrait UIInterfaceOrientationLandscapeLeft UIInterfaceOrientationLandscapeRight";
				LD_RUNPATH_SEARCH_PATHS = (
					"$(inherited)",
					"@executable_path/Frameworks",
				);
				MARKETING_VERSION = 1.0.0;
				PRODUCT_BUNDLE_IDENTIFIER = phanna.app.sample;
				PRODUCT_NAME = "$(TARGET_NAME)";
				SWIFT_EMIT_LOC_STRINGS = YES;
				TARGETED_DEVICE_FAMILY = 1;
			};
			name = Release;
		};
		6CB7E34B29CADEC3009998B1 /* Debug */ = {
			isa = XCBuildConfiguration;
			buildSettings = {
				BUNDLE_LOADER = "$(TEST_HOST)";
				CODE_SIGN_STYLE = Automatic;
				CURRENT_PROJECT_VERSION = 1;
				DEVELOPMENT_TEAM = 4K446R55W6;
				GENERATE_INFOPLIST_FILE = YES;
				IPHONEOS_DEPLOYMENT_TARGET = 15.5;
				MARKETING_VERSION = 1.0;
				PRODUCT_BUNDLE_IDENTIFIER = phanna.app.sampleTests;
				PRODUCT_NAME = "$(TARGET_NAME)";
				SWIFT_EMIT_LOC_STRINGS = NO;
				TARGETED_DEVICE_FAMILY = "1,2";
				TEST_HOST = "$(BUILT_PRODUCTS_DIR)/sample.app/sample";
			};
			name = Debug;
		};
		6CB7E34C29CADEC3009998B1 /* Release */ = {
			isa = XCBuildConfiguration;
			buildSettings = {
				BUNDLE_LOADER = "$(TEST_HOST)";
				CODE_SIGN_STYLE = Automatic;
				CURRENT_PROJECT_VERSION = 1;
				DEVELOPMENT_TEAM = 4K446R55W6;
				GENERATE_INFOPLIST_FILE = YES;
				IPHONEOS_DEPLOYMENT_TARGET = 15.5;
				MARKETING_VERSION = 1.0;
				PRODUCT_BUNDLE_IDENTIFIER = phanna.app.sampleTests;
				PRODUCT_NAME = "$(TARGET_NAME)";
				SWIFT_EMIT_LOC_STRINGS = NO;
				TARGETED_DEVICE_FAMILY = "1,2";
				TEST_HOST = "$(BUILT_PRODUCTS_DIR)/sample.app/sample";
			};
			name = Release;
		};
		6CB7E34E29CADEC3009998B1 /* Debug */ = {
			isa = XCBuildConfiguration;
			buildSettings = {
				CODE_SIGN_STYLE = Automatic;
				CURRENT_PROJECT_VERSION = 1;
				DEVELOPMENT_TEAM = 4K446R55W6;
				GENERATE_INFOPLIST_FILE = YES;
				MARKETING_VERSION = 1.0;
				PRODUCT_BUNDLE_IDENTIFIER = phanna.app.sampleUITests;
				PRODUCT_NAME = "$(TARGET_NAME)";
				SWIFT_EMIT_LOC_STRINGS = NO;
				TARGETED_DEVICE_FAMILY = "1,2";
				TEST_TARGET_NAME = sample;
			};
			name = Debug;
		};
		6CB7E34F29CADEC3009998B1 /* Release */ = {
			isa = XCBuildConfiguration;
			buildSettings = {
				CODE_SIGN_STYLE = Automatic;
				CURRENT_PROJECT_VERSION = 1;
				DEVELOPMENT_TEAM = 4K446R55W6;
				GENERATE_INFOPLIST_FILE = YES;
				MARKETING_VERSION = 1.0;
				PRODUCT_BUNDLE_IDENTIFIER = phanna.app.sampleUITests;
				PRODUCT_NAME = "$(TARGET_NAME)";
				SWIFT_EMIT_LOC_STRINGS = NO;
				TARGETED_DEVICE_FAMILY = "1,2";
				TEST_TARGET_NAME = sample;
			};
			name = Release;
		};
/* End XCBuildConfiguration section */

/* Begin XCConfigurationList section */
		6CB7E31329CADEC1009998B1 /* Build configuration list for PBXProject "sample" */ = {
			isa = XCConfigurationList;
			buildConfigurations = (
				6CB7E34529CADEC3009998B1 /* Debug */,
				6CB7E34629CADEC3009998B1 /* Release */,
			);
			defaultConfigurationIsVisible = 0;
			defaultConfigurationName = Release;
		};
		6CB7E34729CADEC3009998B1 /* Build configuration list for PBXNativeTarget "sample" */ = {
			isa = XCConfigurationList;
			buildConfigurations = (
				6CB7E34829CADEC3009998B1 /* Debug */,
				6CB7E34929CADEC3009998B1 /* Release */,
			);
			defaultConfigurationIsVisible = 0;
			defaultConfigurationName = Release;
		};
		6CB7E34A29CADEC3009998B1 /* Build configuration list for PBXNativeTarget "sampleTests" */ = {
			isa = XCConfigurationList;
			buildConfigurations = (
				6CB7E34B29CADEC3009998B1 /* Debug */,
				6CB7E34C29CADEC3009998B1 /* Release */,
			);
			defaultConfigurationIsVisible = 0;
			defaultConfigurationName = Release;
		};
		6CB7E34D29CADEC3009998B1 /* Build configuration list for PBXNativeTarget "sampleUITests" */ = {
			isa = XCConfigurationList;
			buildConfigurations = (
				6CB7E34E29CADEC3009998B1 /* Debug */,
				6CB7E34F29CADEC3009998B1 /* Release */,
			);
			defaultConfigurationIsVisible = 0;
			defaultConfigurationName = Release;
		};
/* End XCConfigurationList section */
	};
	rootObject = 6CB7E31029CADEC1009998B1 /* Project object */;
}
